# This file is generated by running "yarn install" inside your project.
# Manual changes might be lost - proceed with caution!

__metadata:
  version: 4

"@types/normalize-package-data@npm:^2.4.0":
  version: 2.4.0
  resolution: "@types/normalize-package-data@npm:2.4.0"
  checksum: b1630889bc3aec064e80f523b789979a43ca0d301d5ec0bbc335ab8b01b8332dd04e51c2b572178c84b3390daafe7fb553855c87bfe323585c137c51caff73c4
  languageName: node
  linkType: hard

"ajv@npm:^6.5.5":
  version: 6.10.0
  resolution: "ajv@npm:6.10.0"
  dependencies:
    fast-deep-equal: ^2.0.1
    fast-json-stable-stringify: ^2.0.0
    json-schema-traverse: ^0.4.1
    uri-js: ^4.2.2
  checksum: d182c4865659a1903b56d4903614367a7c8187ec75348aa03287488a319150f7abc92def09d46765ac09925484317674c5ba45808cb3e502c728ccf3edcd5a63
  languageName: node
  linkType: hard

"ansi-regex@npm:^2.0.0":
  version: 2.1.1
  resolution: "ansi-regex@npm:2.1.1"
  checksum: 166a4be3a94bbab82de8cc32f3833f14b3648e3274c081a1ba76ed4e6c9d9a7453ae93867518625c8a23dbb585a4a9ef424be122bb1300fc152e8e26027f0740
  languageName: node
  linkType: hard

"ansi-regex@npm:^3.0.0":
  version: 3.0.0
  resolution: "ansi-regex@npm:3.0.0"
  checksum: 8bb91d5a72509b4930774afcbb086c6dda4c31c5557a89ff6b29dddb7830204b7835e7e035970652a2e7b8ace0f06001890a1d826b330c731715387db959004e
  languageName: node
  linkType: hard

"ansi-regex@npm:^4.1.0":
  version: 4.1.0
  resolution: "ansi-regex@npm:4.1.0"
  checksum: 9de38b55c876c42f26000de67fc4c8735998f79679ba93bda3854a9cbcf27abfcb2c4e2041125497ceabdb75f3a9147a40471de5e33b4dcff2125513b6d94d32
  languageName: node
  linkType: hard

"argparse@npm:^1.0.7":
  version: 1.0.10
  resolution: "argparse@npm:1.0.10"
  dependencies:
    sprintf-js: ~1.0.2
  checksum: f0b382b138049618e7958f6345a52b33e673e7ca6baa7c4efa758938a4b586e40467cc198a8b3fda9a8f627078fb46bfe5933fc507d5a07a75d2145e706466d3
  languageName: node
  linkType: hard

"asn1@npm:~0.2.3":
  version: 0.2.4
  resolution: "asn1@npm:0.2.4"
  dependencies:
    safer-buffer: ~2.1.0
  checksum: 6f8ecf66e024f3fb329233b7e76a39b81b9dc84f4b75a8727ad059ca6a64973a2e4e5b4bed564022d59df954af806bfd6af0cd4500cacab3ac0850fedd9b913a
  languageName: node
  linkType: hard

"assert-plus@npm:1.0.0, assert-plus@npm:^1.0.0":
  version: 1.0.0
  resolution: "assert-plus@npm:1.0.0"
  checksum: 0dbcfb92c233e31f58bc2dd4109728e961eef044dc31b8f85f2b7bd2b0435fc32312258de4e7d9ad07d641aef663b3336d071ad2aa31fdf0686848315cc67f26
  languageName: node
  linkType: hard

"asynckit@npm:^0.4.0":
  version: 0.4.0
  resolution: "asynckit@npm:0.4.0"
  checksum: 9f0abbb2af5ed83007505d1a98e6e6bc63dc8ffaa28288927d978c0d1f7af0a106ae05bac2407078fd147c1001068c0f9a7cc21e94d34b9838f78109c5266948
  languageName: node
  linkType: hard

"aws-sign2@npm:~0.7.0":
  version: 0.7.0
  resolution: "aws-sign2@npm:0.7.0"
  checksum: 448068c11ab51c1e797956a72d52a068f5600753e07e90c18a894799744bfd2b161d83e2217162d05ade214579f69624b9a9374c693572e6821fd2d1eea72099
  languageName: node
  linkType: hard

"aws4@npm:^1.8.0":
  version: 1.8.0
  resolution: "aws4@npm:1.8.0"
  checksum: 82798aee74bcd4c5b3b7f0955dafe7e8b1336a783acc5811ac08f691eea530a772b72576c746b7cadff605d7af394623c873fe86c34dc35a73ef2f9adcfa3078
  languageName: node
  linkType: hard

"bcrypt-pbkdf@npm:^1.0.0":
  version: 1.0.2
  resolution: "bcrypt-pbkdf@npm:1.0.2"
  dependencies:
    tweetnacl: ^0.14.3
  checksum: be6f38b9db6df9b023c17d952a02809eec63931c2183e6b3a9b373f971f85f8a1372e3a379d72877f748695d313eaee033fc1b7905448f62d75e4bef3ef175cb
  languageName: node
  linkType: hard

"bluebird@npm:^3.5.0":
  version: 3.5.5
  resolution: "bluebird@npm:3.5.5"
  checksum: 03e1cdb2e7324991ac5ae7258cfcf091fbbca92596bf105066fcf9bc7e32376201023975443b5e32b179c97db6af172a23df1ad63c0c6c7c8bb1048e783a7e58
  languageName: node
  linkType: hard

"caller-callsite@npm:^2.0.0":
  version: 2.0.0
  resolution: "caller-callsite@npm:2.0.0"
  dependencies:
    callsites: ^2.0.0
  checksum: 14767d00fb3270192f714b6ca8608f67c09f9c17276d7d58052572994d484763e75039c85722342cc21d4f9da257218661b6f2964c2b7bd941b37700b3406dcb
  languageName: node
  linkType: hard

"caller-path@npm:^2.0.0":
  version: 2.0.0
  resolution: "caller-path@npm:2.0.0"
  dependencies:
    caller-callsite: ^2.0.0
  checksum: 56dfca957892cc755e6e8ac2a110f9aa82c72b0907bc40b6b10736930ef2ba31f510f5e5afa2351c1ed5fdafaf0e1eab8439e8b07905e00e79432a343df214e6
  languageName: node
  linkType: hard

"callsites@npm:^2.0.0":
  version: 2.0.0
  resolution: "callsites@npm:2.0.0"
  checksum: a82f5dc91750289c105ae1bd779125673e11934b5024a67c3f6ad903776a59d503f4c4300f8b3f96153cd5acc9e44d16d9aaabe3552544575763c57c284b4460
  languageName: node
  linkType: hard

"camelcase@npm:^5.0.0":
  version: 5.3.1
  resolution: "camelcase@npm:5.3.1"
  checksum: 58f271afe62d5396a5a2d28cbbeb3520732763d3c005e295225d48a58408d44575bf92475cd828f597790725f1be43aa08e623b65bdffb5619f16fb402773bb6
  languageName: node
  linkType: hard

"caseless@npm:~0.12.0":
  version: 0.12.0
  resolution: "caseless@npm:0.12.0"
  checksum: 78d62874b145ce0351ebdc76fe77402ef47ac9d94728e896606ffc2da85d049311824219dc671bb9a957eb56dcd223dc785a743da28b2740ca0f966c0ac240dd
  languageName: node
  linkType: hard

"ci-info@npm:^2.0.0":
  version: 2.0.0
  resolution: "ci-info@npm:2.0.0"
  checksum: 4926b2dd00eefa64ed6eef3a5a3381c2033418ddca5a6d794c4a0741e15aca5cfd4fa177a0965be54624d2c354b24371daf693fe44b25bb96f54351ad825b1ad
  languageName: node
  linkType: hard

"cliui@npm:^4.0.0":
  version: 4.1.0
  resolution: "cliui@npm:4.1.0"
  dependencies:
    string-width: ^2.1.1
    strip-ansi: ^4.0.0
    wrap-ansi: ^2.0.0
  checksum: 471f87cab599c6717baa8749a33804f84c219d1cab9cf8a105f8b7922e5bee07b2335a09a8973a54b959df060a38f9c7134a302ff4c70c8b2285090d7fb8b1de
  languageName: node
  linkType: hard

"code-point-at@npm:^1.0.0":
  version: 1.1.0
  resolution: "code-point-at@npm:1.1.0"
  checksum: c0a50074d39d0051356938df5ffd5e2c1cb3e054fc883bfbec32e48a6ee6630db0aa8cc1cc86482b255abefa38140ae72542dd8fa6af8d946a618a17c0e00f55
  languageName: node
  linkType: hard

"combined-stream@npm:^1.0.6, combined-stream@npm:~1.0.6":
  version: 1.0.8
  resolution: "combined-stream@npm:1.0.8"
  dependencies:
    delayed-stream: ~1.0.0
  checksum: caf371134e0b2f06a2179011439a7f4568c026393b384ccee5f3dd624a7b5f5ba2ae2370b358c4869b73d05d00d5ea9a0140331ae49eb88f68e09c05a6dacc0c
  languageName: node
  linkType: hard

"core-util-is@npm:1.0.2":
  version: 1.0.2
  resolution: "core-util-is@npm:1.0.2"
  checksum: b2aeb723279455a85125383b7067e66d650187adee4151b6587bc28d8334c9d5ebbc6e4bd6c344355191865e1add46fdec83f2a7f4d83889cfe7e586d9fd50b6
  languageName: node
  linkType: hard

"cosmiconfig@npm:^5.2.0":
  version: 5.2.1
  resolution: "cosmiconfig@npm:5.2.1"
  dependencies:
    import-fresh: ^2.0.0
    is-directory: ^0.3.1
    js-yaml: ^3.13.1
    parse-json: ^4.0.0
  checksum: db7c828b00eb24f4b33d8ac6e29e9d820cc77516afdb1eec3f754635fb641e9c58abe1348f466f34dc9e6b49249e27517d5c2ea172e3fe4a93aaabcb0009d78f
  languageName: node
  linkType: hard

"cross-spawn@npm:^6.0.0":
  version: 6.0.5
  resolution: "cross-spawn@npm:6.0.5"
  dependencies:
    nice-try: ^1.0.4
    path-key: ^2.0.1
    semver: ^5.5.0
    shebang-command: ^1.2.0
    which: ^1.2.9
  checksum: 5103fd3ec3c3d914d78190d1b7021bcca3f66d1c35008f67a696884a7d8c74a415158110436610abaae044d7351ecf8d71bb66872e88bbd80525b013b5b44256
  languageName: node
  linkType: hard

"dashdash@npm:^1.12.0":
  version: 1.14.1
  resolution: "dashdash@npm:1.14.1"
  dependencies:
    assert-plus: ^1.0.0
  checksum: ae1c06eeabf13a791303aeee536bd96b2ef24ecb77cbb69072297b389b91329131b8b7134289fe83bd6eccf6ec674e8d712dd9e8aea1b4aabaf3d46c2fb4db83
  languageName: node
  linkType: hard

"debug@npm:^4.0.1":
  version: 4.1.1
  resolution: "debug@npm:4.1.1"
  dependencies:
    ms: ^2.1.1
  checksum: e3bfa1544ced80ac5764aa313530150af442e5ce53f91090f00e3aff33a8b535ce60a7502d1451b3cbc2b9cd6994b3a08a38fbd3ff7a2ec801ad79d8b457b8e8
  languageName: node
  linkType: hard

"decamelize@npm:^1.2.0":
  version: 1.2.0
  resolution: "decamelize@npm:1.2.0"
  checksum: b4f9874e4777db39289cfe0d34d079df9531b10b50290ec8443e342faa840abbd1e7003ea0d735e03ea143d0bb34151afcb3711e7bc02fdcf19fe002683699ba
  languageName: node
  linkType: hard

"delayed-stream@npm:~1.0.0":
  version: 1.0.0
  resolution: "delayed-stream@npm:1.0.0"
  checksum: 859d2824377d82c7e9b182da9c3799753d7271b223f83c141adca59674ae1df4b3215d7b9faa7555f943772f75c4ab98895e2ecba43ff904338d9208535f9af6
  languageName: node
  linkType: hard

"ecc-jsbn@npm:~0.1.1":
  version: 0.1.2
  resolution: "ecc-jsbn@npm:0.1.2"
  dependencies:
    jsbn: ~0.1.0
    safer-buffer: ^2.1.0
  checksum: 4e31135f449b97f6155426873293f9270a2c2885520ad85e700665b680354bd3c1223783f822c4ad19fbe7899a2dff33794ddd7d25d234a7529b16b999c9ed83
  languageName: node
  linkType: hard

"emoji-regex@npm:^7.0.1":
  version: 7.0.3
  resolution: "emoji-regex@npm:7.0.3"
  checksum: b0fd6fa82f291d60c4841e9ca6812a55ce44ceb8540e42a7641a989f4d8fa0d879de7033eaadbb725d92b9163e97a41fea657498dcf4ca97ea6d70df107ce9c0
  languageName: node
  linkType: hard

"end-of-stream@npm:^1.1.0":
  version: 1.4.1
  resolution: "end-of-stream@npm:1.4.1"
  dependencies:
    once: ^1.4.0
  checksum: 5226b5cd93f2cde4981a9ce17a476b84ae702270ab5d3a44c8d5d53e2f73db8d67b42e58843ab6688f7325d9fc2691e9e36ca9d7039274921ede7960199b1f8f
  languageName: node
  linkType: hard

"error-ex@npm:^1.3.1":
  version: 1.3.2
  resolution: "error-ex@npm:1.3.2"
  dependencies:
    is-arrayish: ^0.2.1
  checksum: 5bd07df02c20deee8adf70e535f3e95ff5ce8da2af3fce68a7e9f4a2fc0ad7610112a4f4bf012a4b5edd18c008f59a7acceeca1f7a47ac6ab7fef376a0f05d1d
  languageName: node
  linkType: hard

"esprima@npm:^4.0.0":
  version: 4.0.1
  resolution: "esprima@npm:4.0.1"
  bin:
    esparse: ./bin/esparse.js
    esvalidate: ./bin/esvalidate.js
  checksum: a9bec67e9a3dfccc29a2d54c65a3210129668b3eeae7fe296145bc564c963c4d1d7be101dd13fbe65000414ac07f35bd2f85ac9d3254016e5a2f3aa13d18caf1
  languageName: node
  linkType: hard

"execa@npm:^1.0.0":
  version: 1.0.0
  resolution: "execa@npm:1.0.0"
  dependencies:
    cross-spawn: ^6.0.0
    get-stream: ^4.0.0
    is-stream: ^1.1.0
    npm-run-path: ^2.0.0
    p-finally: ^1.0.0
    signal-exit: ^3.0.0
    strip-eof: ^1.0.0
  checksum: 4c8005b1192433dd9cb42c0b2e3d616d8f5def85f38906bb644b8468c44824b5f2f8b265661e2f6ed7ba87cb7ae2e6aa66a96ae5093d8feca99fa51ac30b3783
  languageName: node
  linkType: hard

"extend@npm:~3.0.2":
  version: 3.0.2
  resolution: "extend@npm:3.0.2"
  checksum: 3df56be8d20d6a282e712c3c6aa4548ccdddd2dcfacc96a79ef23529c3b5d267e995cdb285aac2ed6d65bd556dc71ee8fef1c01d1fca9ef148fd9e5d1ecbb924
  languageName: node
  linkType: hard

"extsprintf@npm:1.3.0":
  version: 1.3.0
  resolution: "extsprintf@npm:1.3.0"
  checksum: 8cf20d3044b6333076eacb7b134fa56586273e9d47ad4fa3e396ce0b6f79d575c32212c579db2de1c1991c02b58f71ad269cfdffdbd193fa040b0bfff233955f
  languageName: node
  linkType: hard

"extsprintf@npm:^1.2.0":
  version: 1.4.0
  resolution: "extsprintf@npm:1.4.0"
  checksum: 5ce016ed485f47f742ac65cc26a49fd2a05515beec3f860baaf1e201cf26c1f15e3a97847c19ce82a926d820ec21a3356c7190b64fb74c42ac7dabc879a47a3e
  languageName: node
  linkType: hard

"fast-deep-equal@npm:^2.0.1":
  version: 2.0.1
  resolution: "fast-deep-equal@npm:2.0.1"
  checksum: 3edf36d062e80f50c0ec797af0d4bea0961f7a8c3964108518d1dfe8150bb1e3488ed8642ca1b7b633abfebe8bae27b12db1ffada5ef9689d382a1f6a54375e2
  languageName: node
  linkType: hard

"fast-json-stable-stringify@npm:^2.0.0":
  version: 2.0.0
  resolution: "fast-json-stable-stringify@npm:2.0.0"
  checksum: cd22848b7072f690a6d37af85ecafcb55d7324386e8383e8a4c4a68a6f63c551a791616d8f63caddeb287a07ed855067120ef894df9f7ce8e1d32ee2a00016c9
  languageName: node
  linkType: hard

"find-up@npm:^3.0.0":
  version: 3.0.0
  resolution: "find-up@npm:3.0.0"
  dependencies:
    locate-path: ^3.0.0
  checksum: a58b85fac6dd65a13f873a2313d955b8d520396122a8b0bc4a5010eb5d6f71036222169b9fa9914d2a62360f6b9943c5c6e0dbf1139d8130230b33785e7b86c2
  languageName: node
  linkType: hard

"find-up@npm:^4.0.0":
  version: 4.0.0
  resolution: "find-up@npm:4.0.0"
  dependencies:
    locate-path: ^5.0.0
  checksum: caa88fcc3dfbc9ff9345abd0101fcc44b26d5ca6ba11a13e2f7ca5da3571407c76bb67fa15565d067794f49612d69e31886f43d345cdd9d4cbfdd2f9c79a0d17
  languageName: node
  linkType: hard

"forever-agent@npm:~0.6.1":
  version: 0.6.1
  resolution: "forever-agent@npm:0.6.1"
  checksum: c93124c19389fc884c5caa376c76789789a9f7d94a6079214abfc87a2b49c2b6388e3bc2214b8f1442f1e92ca574cc48f7dd6b9a52bb199f3cec75fd5ff59f7f
  languageName: node
  linkType: hard

"form-data@npm:~2.3.2":
  version: 2.3.3
  resolution: "form-data@npm:2.3.3"
  dependencies:
    asynckit: ^0.4.0
    combined-stream: ^1.0.6
    mime-types: ^2.1.12
  checksum: 8f61c21715cc87df4ba26f46ef8feab2198b3ef0ff933ea73f256683ee1bbe7a9b09d78c008a5eaa1e45ff5bfb05d473976b18a0a9640ffeaa0cb7a0079a68b2
  languageName: node
  linkType: hard

"get-caller-file@npm:^2.0.1":
  version: 2.0.5
  resolution: "get-caller-file@npm:2.0.5"
  checksum: 34fbf61ee9adc7504115743a19829427885d5d5713bd31c86f3a5839362925e3b579d61cf3e30250fad9ed16d02d957d8dfc0a13f7111f5b1f763d35c6f0a1a8
  languageName: node
  linkType: hard

"get-stdin@npm:^7.0.0":
  version: 7.0.0
  resolution: "get-stdin@npm:7.0.0"
  checksum: 06ad4cec9955c13c0c3cb6fe75b58076eae922aa1097cad340d2fd36d76c9675fa07f132c3d93a1a3768d9f6400ca8b87b31d27522b9ee1a46def58a27fc586f
  languageName: node
  linkType: hard

"get-stream@npm:^4.0.0":
  version: 4.1.0
  resolution: "get-stream@npm:4.1.0"
  dependencies:
    pump: ^3.0.0
  checksum: e3ff150d54d0e0052f7d85f9be060182cb2b3313721ca757af0f90e4399bdd80992727245b4e731bc5edbb4f67a51a3489ab7ad9ebb0b3560ce1d925985151e8
  languageName: node
  linkType: hard

"getpass@npm:^0.1.1":
  version: 0.1.7
  resolution: "getpass@npm:0.1.7"
  dependencies:
    assert-plus: ^1.0.0
  checksum: dc1d4184d1b3ea565b2f223542615bd2c16905563827172e2ca9a0e2e0dcc1173407b0523ca15dbd53bf8b75b4485a1815ccb0bfeb4668e1d2520899cb5c57f5
  languageName: node
  linkType: hard

"gitten@workspace:.":
  version: 0.0.0-use.local
  resolution: "gitten@workspace:."
  dependencies:
    husky: ^2.3.0
    lodash: ^4.17.13
    prettier: 1.17.1
    request: ^2.88.0
    request-promise: ^4.2.4
    simple-git: ^1.110.0
    yargs: ^13.2.2
  languageName: unknown
  linkType: soft

"har-schema@npm:^2.0.0":
  version: 2.0.0
  resolution: "har-schema@npm:2.0.0"
  checksum: dc922e19113c0d52351adb6307e9971e5ff82cae901ac09e6a8000dde7bf5da736c936e05ddfe1a53811a0e4f702efc71aeb8dcd4d8f1a3bda6ccff77b86288e
  languageName: node
  linkType: hard

"har-validator@npm:~5.1.0":
  version: 5.1.3
  resolution: "har-validator@npm:5.1.3"
  dependencies:
    ajv: ^6.5.5
    har-schema: ^2.0.0
  checksum: 048be5641c1cacfa8e72084e042d198e2f34ef4eca3d61ac3612402b45f6983c3d2d01ea16beb0d37902bd3d6310ffaa0b5f3c9b7b1219601252e1467bf09f28
  languageName: node
  linkType: hard

"hosted-git-info@npm:^2.1.4":
  version: 2.7.1
  resolution: "hosted-git-info@npm:2.7.1"
  checksum: 7a3992d0ee4f7903588ad63b235000eb835491ae56b81b4ee4fc206d95149a6d9f996b3784f22c1aaca97192be521c340d7d2e550e190567d05c6f3c1a88a83c
  languageName: node
  linkType: hard

"http-signature@npm:~1.2.0":
  version: 1.2.0
  resolution: "http-signature@npm:1.2.0"
  dependencies:
    assert-plus: ^1.0.0
    jsprim: ^1.2.2
    sshpk: ^1.7.0
  checksum: c04e17a347d732bfaa4ddc22dacba181475cc378dfbb1cd0ac9f911d38ee9d693370dc119082c1a9789871e7c114bbb5317abb1da3391bee02ae26e4adcadaad
  languageName: node
  linkType: hard

"husky@npm:^2.3.0":
  version: 2.3.0
  resolution: "husky@npm:2.3.0"
  dependencies:
    cosmiconfig: ^5.2.0
    execa: ^1.0.0
    find-up: ^3.0.0
    get-stdin: ^7.0.0
    is-ci: ^2.0.0
    pkg-dir: ^4.1.0
    please-upgrade-node: ^3.1.1
    read-pkg: ^5.1.1
    run-node: ^1.0.0
    slash: ^3.0.0
  bin:
    husky-upgrade: ./lib/upgrader/bin.js
  checksum: 0f349a56d2059d7f8b8a2c6545289f1698523d899075e691b9b59c2d2b9363af6a12e16f02ff9689f650bbbae066d2fe5d3bdab8061b3b4f6caaef35a2caff2d
  languageName: node
  linkType: hard

"import-fresh@npm:^2.0.0":
  version: 2.0.0
  resolution: "import-fresh@npm:2.0.0"
  dependencies:
    caller-path: ^2.0.0
    resolve-from: ^3.0.0
  checksum: b7c6fbd4919546e510388cd3b585a33af919880c82da050b4e5533b6fa95035c42b557452bbc9913651eb73305fba09f1571023b629c07cbb0d88094e3dd988a
  languageName: node
  linkType: hard

"invert-kv@npm:^2.0.0":
  version: 2.0.0
  resolution: "invert-kv@npm:2.0.0"
  checksum: 85bd094d6d7341b4577a92c795eccb858ec0c0c32cb0cd97f208c29274d8bbb5ae13ab55679d109eb412cb0efc60e873c28962468f83dcbb1d41212f09d54eed
  languageName: node
  linkType: hard

"is-arrayish@npm:^0.2.1":
  version: 0.2.1
  resolution: "is-arrayish@npm:0.2.1"
  checksum: 6a48ba019c21e4f305a8cfb28e898e6908bd97f8868f1529214df1d2c6db2d462df7497e514094c9d90ab04492b675b8e04d63e26b43624cf07bd54ba20fbc34
  languageName: node
  linkType: hard

"is-ci@npm:^2.0.0":
  version: 2.0.0
  resolution: "is-ci@npm:2.0.0"
  dependencies:
    ci-info: ^2.0.0
  bin:
    is-ci: bin.js
  checksum: bce8367f6f42207c7be46a08550518afc5338bf1efb5f08b72b630ab11ba204ea445f0d5a146bf6ed1a61183d5f293d306106917ddbad045045c22246980df02
  languageName: node
  linkType: hard

"is-directory@npm:^0.3.1":
  version: 0.3.1
  resolution: "is-directory@npm:0.3.1"
  checksum: f5e2c5c9def9d661f7ffbf4f778b5344e000735c252c9c099942e8c9c9f6153bdadfab656d11eac69a63935b5539137dc53f15fe000ad91d91f13d056fe04ef3
  languageName: node
  linkType: hard

"is-fullwidth-code-point@npm:^1.0.0":
  version: 1.0.0
  resolution: "is-fullwidth-code-point@npm:1.0.0"
  dependencies:
    number-is-nan: ^1.0.0
  checksum: 7e50f3c2e21617a7dde049a2cfecd22cd85c57f3a05a8a216785c4196926867a6dd85ff6d035cc3f1210853edd01f01a480aa4ce183d73c4cccc1b396e4fbea4
  languageName: node
  linkType: hard

"is-fullwidth-code-point@npm:^2.0.0":
  version: 2.0.0
  resolution: "is-fullwidth-code-point@npm:2.0.0"
  checksum: ab96662efbb49a1e33dd59bdf1451e913c69bf407daae26e2ad6f64458bcbb1b5d5a91b1d95c690540da00f7183e53d7a0b81b9d494073e85e7bd75410a6f358
  languageName: node
  linkType: hard

"is-stream@npm:^1.1.0":
  version: 1.1.0
  resolution: "is-stream@npm:1.1.0"
  checksum: 0c43bc68eb748e970e6df1163a52ce9ec37bfa4c0161557b4524d640ac414934c74427ae8f49c91f55c7fac807f4407a0eb5c7b24ac0b9e78f203aa706bc4cfa
  languageName: node
  linkType: hard

"is-typedarray@npm:~1.0.0":
  version: 1.0.0
  resolution: "is-typedarray@npm:1.0.0"
  checksum: 781a95df2e18eaa0ddf4cd1ea0aa1b81cbfc9139d19f551cfc90db4d1a555c3d3f907ac8194ed312512c3b87b160fecb5bf453d2226e54d5e63c3757523a05e5
  languageName: node
  linkType: hard

"isexe@npm:^2.0.0":
  version: 2.0.0
  resolution: "isexe@npm:2.0.0"
  checksum: 1f6f7ccf6206a544097e27f04018fbd4fdb45d71eadac305d4b60cc18668d35c970d3c0bfadc4b348dd603d5536496a5634dd5f64792ea5e745c62cbc0ce9730
  languageName: node
  linkType: hard

"isstream@npm:~0.1.2":
  version: 0.1.2
  resolution: "isstream@npm:0.1.2"
  checksum: aa7954a14871449e27bbbb5918f773964661b19287a6e6a6dccfba1f3680fb01605d13ac866c4032449fd6e7d307c7456709bb62f4fe6735a4ecfab37c1918c6
  languageName: node
  linkType: hard

"js-yaml@npm:^3.13.1":
  version: 3.13.1
  resolution: "js-yaml@npm:3.13.1"
  dependencies:
    argparse: ^1.0.7
    esprima: ^4.0.0
  bin:
    js-yaml: bin/js-yaml.js
  checksum: 4860a95f2baf230cda4bb5f3fc06e7bb504324f75732c683d625cfeb987686b40bb68ad838960ad6e39d152e790d75dba380c31032757968c75a1eeecdec8b63
  languageName: node
  linkType: hard

"jsbn@npm:~0.1.0":
  version: 0.1.1
  resolution: "jsbn@npm:0.1.1"
  checksum: 0a485f89e5bd9ffa84ed65e1d840c3398a0d3eeecd1211ceca545050298a5dc1c0cfe9f2d0d779785b583cb6c3b3cff50d7a89e407cbcad29b474e7a2cf6ac1e
  languageName: node
  linkType: hard

"json-parse-better-errors@npm:^1.0.1":
  version: 1.0.2
  resolution: "json-parse-better-errors@npm:1.0.2"
  checksum: 7f5a35dfe844b8b5a4fb03e6c1838e6678d6b2c30e65746d73ca4c58ed7d3a9e3a77b83be7c6df56193606a654eb5b6e808ea594ee62a2db3985ef1a89aee7e3
  languageName: node
  linkType: hard

"json-schema-traverse@npm:^0.4.1":
  version: 0.4.1
  resolution: "json-schema-traverse@npm:0.4.1"
  checksum: 511768bce007e0e4f505c08f94f2c59f8aeabc9e6f0f187e7e1838ff445b022d05107a6aaac62dee3e2e6a6b2265e23a0b625255a98700f88c104ad4b97e525d
  languageName: node
  linkType: hard

"json-schema@npm:0.2.3":
  version: 0.2.3
  resolution: "json-schema@npm:0.2.3"
  checksum: 33b4fdb870fb86d6882791b59892535a2466573a156c4649cfeff4d07a8c59bd9fb54d46609567cad88c0de60a46276d0d469bcde45fabc20c166c7bb3bc04b9
  languageName: node
  linkType: hard

"json-stringify-safe@npm:~5.0.1":
  version: 5.0.1
  resolution: "json-stringify-safe@npm:5.0.1"
  checksum: b3d9281f42e16fab884eaa6294cba891730f38e1e64049d3bfd41057878b52d53a0be309ff8a4968c30efc5065585b7c9cabdc05336d7d277866f4b28241a924
  languageName: node
  linkType: hard

"jsprim@npm:^1.2.2":
  version: 1.4.1
  resolution: "jsprim@npm:1.4.1"
  dependencies:
    assert-plus: 1.0.0
    extsprintf: 1.3.0
    json-schema: 0.2.3
    verror: 1.10.0
  checksum: c4afef21da19a73379df0d906b354b401db318096b0e711cc7927547b8d37788a2f7768c875d5abdfc02613cb3af0d943f4d505b9f2e28fa09d2d0d12851ff53
  languageName: node
  linkType: hard

"lcid@npm:^2.0.0":
  version: 2.0.0
  resolution: "lcid@npm:2.0.0"
  dependencies:
    invert-kv: ^2.0.0
  checksum: 05873c2b217aa63da64623ad78fdc55ac88b4385fd19d573143dcb3d1b21550de79d403688dd2625f12b54a42f0487510680af0a2c49ab2963be2cd229f18d36
  languageName: node
  linkType: hard

"locate-path@npm:^3.0.0":
  version: 3.0.0
  resolution: "locate-path@npm:3.0.0"
  dependencies:
    p-locate: ^3.0.0
    path-exists: ^3.0.0
  checksum: 4f89906f2841b7a2f49842958ac794bb928623dadd07fb857ad63f55afc0133aed754f1d059d881265bd4ca2f6ff89ff77889c290212029f0bc5611a6f1a3dfb
  languageName: node
  linkType: hard

"locate-path@npm:^5.0.0":
  version: 5.0.0
  resolution: "locate-path@npm:5.0.0"
  dependencies:
    p-locate: ^4.1.0
  checksum: e83014b8ff0ce5046a88748a04abe2340bcc858f1ab5df98b52c47f6e58d4abc10de0abff47964961991e255c316ef71c4271707b5f6b2afc203ca6fe3945b00
  languageName: node
  linkType: hard

"lodash@npm:^4.17.11, lodash@npm:^4.17.13":
  version: 4.17.13
  resolution: "lodash@npm:4.17.13"
  checksum: 69c52a0b53df9827215721946bccd2c1da166b719a26e6d97f37db7f30e2b50ab812dc8d23c6f15994a75af6569b475dfa8c3af7c5dbfc40c6a40410088d434a
  languageName: node
  linkType: hard

"map-age-cleaner@npm:^0.1.1":
  version: 0.1.3
  resolution: "map-age-cleaner@npm:0.1.3"
  dependencies:
    p-defer: ^1.0.0
  checksum: 4aea3141a92413cda3d1a26b0e5dcd4ec294caf8ff627c881bd63ff3ace858342aba68043215c8e6e8425bfa914a536e4c11c6f16489838be715514b023eebf9
  languageName: node
  linkType: hard

"mem@npm:^4.0.0":
  version: 4.3.0
  resolution: "mem@npm:4.3.0"
  dependencies:
    map-age-cleaner: ^0.1.1
    mimic-fn: ^2.0.0
    p-is-promise: ^2.0.0
  checksum: 3445f5cc1b55740b2100c9126ecab8796905e753dee5f2281c8656bd9b393fdb302362c82fbb9dba1e7ee5170185c34031524fbf7fd68692e11f47f379cafd01
  languageName: node
  linkType: hard

"mime-db@npm:1.40.0":
  version: 1.40.0
  resolution: "mime-db@npm:1.40.0"
  checksum: 0621aab4b17438cd6abe6870c116d1edcf92576038357ad86b779f885bac0a6aa7a9bf80186eefb716d29b87687070b6f63c1bd679ac10d4403a1dda82edcc38
  languageName: node
  linkType: hard

"mime-types@npm:^2.1.12, mime-types@npm:~2.1.19":
  version: 2.1.24
  resolution: "mime-types@npm:2.1.24"
  dependencies:
    mime-db: 1.40.0
  checksum: 15bb3af5671d0b795fcf1ffb04b2274e7c54af5941c8917ffda14ec3790ebc0c75939ea5ef143ef9d336f259ef3513084a555260adbcc8b324244b5615002d72
  languageName: node
  linkType: hard

"mimic-fn@npm:^2.0.0":
  version: 2.1.0
  resolution: "mimic-fn@npm:2.1.0"
  checksum: ea88331af3a84feca9a6763ff09ea8504daf040e876b47311460b54576233d5dea6aa94fe7b617987709d9a40bd5cbf89281b01a346de9510dfae569e3b1cb12
  languageName: node
  linkType: hard

"ms@npm:^2.1.1":
  version: 2.1.1
  resolution: "ms@npm:2.1.1"
  checksum: f6a582361bde460587db401d7c9ede3bfe00a2fbf3f02b4e230343ef7385263280eb4b6c86e28dc2a17d321225fceb606591b84b20b770e4e7e03d6f1d27eaab
  languageName: node
  linkType: hard

"nice-try@npm:^1.0.4":
  version: 1.0.5
  resolution: "nice-try@npm:1.0.5"
  checksum: 67ed974ae082d8efabbd1e4c0b052bb651efd43db7efba36ef2f32699bafae51bfd5f7bab8ae2ba528f060943e902fb42d5b9c68b8ea0e432246beac8ea2360c
  languageName: node
  linkType: hard

"normalize-package-data@npm:^2.5.0":
  version: 2.5.0
  resolution: "normalize-package-data@npm:2.5.0"
  dependencies:
    hosted-git-info: ^2.1.4
    resolve: ^1.10.0
    semver: 2 || 3 || 4 || 5
    validate-npm-package-license: ^3.0.1
  checksum: 51e54f313d168408a5fdeaace788dfb7bad97ef0fca07af0eb27f0b66076642db6606790c1c79a1a9af59390a368198f4a265fa6bfdadab7c1fc085705c285bd
  languageName: node
  linkType: hard

"npm-run-path@npm:^2.0.0":
  version: 2.0.2
  resolution: "npm-run-path@npm:2.0.2"
  dependencies:
    path-key: ^2.0.0
  checksum: 209cab1259d0380dba8065603e120b29fdf167678d86c832fde853bf89de6cf85c64bb9aa1be04ae0237dd6b1fc469632554107c1d9961ec35ce07d9c5d3b5f5
  languageName: node
  linkType: hard

"number-is-nan@npm:^1.0.0":
  version: 1.0.1
  resolution: "number-is-nan@npm:1.0.1"
  checksum: 57477f268f33135ab7765730d4411957f128765259b7281b403384d174ef45bb4d82421a74e8e233fa3913f1c0d9a8be1671f1b4d35947b6eb51e8ab7639a888
  languageName: node
  linkType: hard

"oauth-sign@npm:~0.9.0":
  version: 0.9.0
  resolution: "oauth-sign@npm:0.9.0"
  checksum: f4cb09c65243732ca9d7a9279b29f0c1ae1cdf15722a23c19b5f37cb693545df7822c29d506a10991aaf12231976361ed2a9c90a18101a73f990df5423954d9b
  languageName: node
  linkType: hard

"once@npm:^1.3.1, once@npm:^1.4.0":
  version: 1.4.0
  resolution: "once@npm:1.4.0"
  dependencies:
    wrappy: 1
  checksum: 47a04404e9aa3a209a7e536b199780fe75aba04df0a035b221285f2f703d0ab58286ffb402ff7cb5a3b894d0e86685eb4fc2766ce7a19555c14221437f248c03
  languageName: node
  linkType: hard

"os-locale@npm:^3.1.0":
  version: 3.1.0
  resolution: "os-locale@npm:3.1.0"
  dependencies:
    execa: ^1.0.0
    lcid: ^2.0.0
    mem: ^4.0.0
  checksum: f1c6f527865f6d5bf3687bef0fcf10828b838a64492c4706f5ba3ca2f778d7dce32f86ff856dddada6b768e76eba5c511f7e48e7102312a9e46f9b3066d377c5
  languageName: node
  linkType: hard

"p-defer@npm:^1.0.0":
  version: 1.0.0
  resolution: "p-defer@npm:1.0.0"
  checksum: 8fec4450070e394aa974769a7c62ea8d42c203d7f4a1e6c9cb0d8153439bf011cc43a5ac4a78e100a8f4e6fad2510184f47738552d6305d76ea73aaeaf63458e
  languageName: node
  linkType: hard

"p-finally@npm:^1.0.0":
  version: 1.0.0
  resolution: "p-finally@npm:1.0.0"
  checksum: fe1770b0c3a3d21013a4b1754458bfdca7c145c65adb4a8d19892c2376d2daf195c572aef07c0a7753b3c552a47d3310193462c95b5eb4ff6e0397d889078c3f
  languageName: node
  linkType: hard

"p-is-promise@npm:^2.0.0":
  version: 2.1.0
  resolution: "p-is-promise@npm:2.1.0"
  checksum: bf4e7451ca4c2bc422e5128d691be77143338441b22d2b8062354ee365ea2c9c64f173d80980c0bc965cdc93c4b4bbfff79fe6aa14cde2d6f2e75619d6088cc0
  languageName: node
  linkType: hard

"p-limit@npm:^2.0.0, p-limit@npm:^2.2.0":
  version: 2.2.0
  resolution: "p-limit@npm:2.2.0"
  dependencies:
    p-try: ^2.0.0
  checksum: f23790e5bb5ed5d563328462306290f31e6cc56826116cb52bfd90d78899093a27498fad214fd912775532c209e41a38bc12b638f6e50b8421653c7a9d2659c5
  languageName: node
  linkType: hard

"p-locate@npm:^3.0.0":
  version: 3.0.0
  resolution: "p-locate@npm:3.0.0"
  dependencies:
    p-limit: ^2.0.0
  checksum: 79303104cac5fad06fc1c30057e1cf14c805180cf82be6efb8b15942079bd3cddb5768ab14b1f19a13be28c1a8491f6a7cd4335f3993078dec4b6aa0888dc7a6
  languageName: node
  linkType: hard

"p-locate@npm:^4.1.0":
  version: 4.1.0
  resolution: "p-locate@npm:4.1.0"
  dependencies:
    p-limit: ^2.2.0
  checksum: eed19482049fc083c37d7030dd05e9af5b8885f647219953a7fd36c3fba0da317b35aed3d2ec40ffce20a1396e93713156335c24c9f2e42a7e4989cc5fe41468
  languageName: node
  linkType: hard

"p-try@npm:^2.0.0":
  version: 2.2.0
  resolution: "p-try@npm:2.2.0"
  checksum: e7dceba546bcab1c72a4c1c8af45c7017e93dcafc4bdd9bd7e78d3b155a7e74cd0ec5277f2039cbc0d538050de1cfa52e8a157a3a741c0a6de870e0f5b03da33
  languageName: node
  linkType: hard

"parse-json@npm:^4.0.0":
  version: 4.0.0
  resolution: "parse-json@npm:4.0.0"
  dependencies:
    error-ex: ^1.3.1
    json-parse-better-errors: ^1.0.1
  checksum: 1d9795dcb2a839e5ee3c7a0d3f609c939109080027c7d403f7f2e6c2cfc7276035a1b297d8f0ca7a4aae25bb4094e567a0a96e8ae5f5e7c1f7f38d7a4d030d5f
  languageName: node
  linkType: hard

"path-exists@npm:^3.0.0":
  version: 3.0.0
  resolution: "path-exists@npm:3.0.0"
  checksum: b04837ffc484dbe6edde02ee4e00daa4dbc01eaa7da7aae23b643021072a519fa99b3acd225936934f27455abef5b139974f0813ce6b293821f79aaefa5babbb
  languageName: node
  linkType: hard

"path-key@npm:^2.0.0, path-key@npm:^2.0.1":
  version: 2.0.1
  resolution: "path-key@npm:2.0.1"
  checksum: c89ee103cdc74ba8a5772cb56e9f1346cc7eae0789c4f9cb01ba5e6d501c2642900538e444ba26284a3a52fc01b9f1d70c7270d638c3cf37c25958ebf860be4e
  languageName: node
  linkType: hard

"path-parse@npm:^1.0.6":
  version: 1.0.6
  resolution: "path-parse@npm:1.0.6"
  checksum: 02894a9a2dd29ba61ce0f79c0cbb230869d16e3129eea46ee1195d6bed370806f254a51f494ad51d5bab4e494ea0a9040819923bec3be586b1f9004a70c65a3a
  languageName: node
  linkType: hard

"performance-now@npm:^2.1.0":
  version: 2.1.0
  resolution: "performance-now@npm:2.1.0"
  checksum: 6a5b3d6104304d00a0ec4bbf2799bfb1e2dcfe5403d7d1c3c9a595451b32acb7396c831817730288e4a33cae5de0d3c76d38cfebb62b59927a021b3300f8d29e
  languageName: node
  linkType: hard

"pkg-dir@npm:^4.1.0":
  version: 4.2.0
  resolution: "pkg-dir@npm:4.2.0"
  dependencies:
    find-up: ^4.0.0
  checksum: 8624e767df2d75d5783026d02e81054f12e8c4d659ae00e409414fc8d975ac09dc433a8c32d7a5c0a29fe03df944aaa3df2d0bc5c434a74794ee2f24b00bf7ce
  languageName: node
  linkType: hard

"please-upgrade-node@npm:^3.1.1":
  version: 3.1.1
  resolution: "please-upgrade-node@npm:3.1.1"
  dependencies:
    semver-compare: ^1.0.0
  checksum: fa2dab761a6521d43a014710033c4c0ed6217d052dd70a863dc7a13205921cfd2c6bee149b08cca244280f2df01165bf2d3e6edee4cf3c96e7a409c093820185
  languageName: node
  linkType: hard

"prettier@npm:1.17.1":
  version: 1.17.1
  resolution: "prettier@npm:1.17.1"
  bin:
    prettier: ./bin-prettier.js
  checksum: 0e9da0224477d78957eb7bf077804bab5bfb31b6aa40b27f08da3fd9d85a9a3263f33767ade7a540e616dddb133b4ba3261804d0d3db94fa96e6fcceb63393a3
  languageName: node
  linkType: hard

"psl@npm:^1.1.24, psl@npm:^1.1.28":
  version: 1.1.32
  resolution: "psl@npm:1.1.32"
  checksum: 8c8c39228b37f1051aa1fa0db8ed583bf1f45a61b9cf128d7a9ac54fd821eda4b07327ee1edaba4ba80cd853418926943ff2fbe6eac330056d2073898b275f9e
  languageName: node
  linkType: hard

"pump@npm:^3.0.0":
  version: 3.0.0
  resolution: "pump@npm:3.0.0"
  dependencies:
    end-of-stream: ^1.1.0
    once: ^1.3.1
  checksum: 09633ba0f0d3d09f68afa6d7ad46e05e4860ec0549d9e55a87baa28fca048c3b87d1debdf1b3fac9bbbd21cdb0c3e11c527cb63471569cf88bcc0daeb466b32e
  languageName: node
  linkType: hard

"punycode@npm:^1.4.1":
  version: 1.4.1
  resolution: "punycode@npm:1.4.1"
  checksum: 747838f367f6e00bd688e968fe7d510d33fbd8d75e4dd6a7919bbbaf51fbd1c1e861ff24ced239adee076b4a5fcb08cdc3a26d88e7980e94efd9a96a950b0014
  languageName: node
  linkType: hard

"punycode@npm:^2.1.0, punycode@npm:^2.1.1":
  version: 2.1.1
  resolution: "punycode@npm:2.1.1"
  checksum: 497a65093f48fc94a91a2166cf4365d162ab07977adc8dc23dfb6c109c3d0dc004ea3623813a64e62992ad85d14b6a13a489055acd5c4763f56cae0733d71095
  languageName: node
  linkType: hard

"qs@npm:~6.5.2":
  version: 6.5.2
  resolution: "qs@npm:6.5.2"
  checksum: 0e9377802164c7a454397660305eaa3b2e10afd915cff80dedab1b90ebc017105a3cfc6d995116374cd2d07d18349478b9ad1eb1ac72596c402b89010e46c0e5
  languageName: node
  linkType: hard

"read-pkg@npm:^5.1.1":
  version: 5.1.1
  resolution: "read-pkg@npm:5.1.1"
  dependencies:
    "@types/normalize-package-data": ^2.4.0
    normalize-package-data: ^2.5.0
    parse-json: ^4.0.0
    type-fest: ^0.4.1
  checksum: 94c0635fbf0d748bbf115853bfff2008cd76260c9605283ee7bc7a5ac45a7c37d870980262bde98d22a130884ee529b980e4bdb7771f0cde6cd61d8c230ff015
  languageName: node
  linkType: hard

"request-promise-core@npm:1.1.2":
  version: 1.1.2
  resolution: "request-promise-core@npm:1.1.2"
  dependencies:
    lodash: ^4.17.11
  peerDependencies:
    request: ^2.34
  checksum: d221b0650bea4ab59e025926437b4b05e947c74c404436968fe1f36fabab677e0e44de6ec44ab052f8002a303597ca43ec57dd8d2c40699f496c30341e497e6f
  languageName: node
  linkType: hard

"request-promise@npm:^4.2.4":
  version: 4.2.4
  resolution: "request-promise@npm:4.2.4"
  dependencies:
    bluebird: ^3.5.0
    request-promise-core: 1.1.2
    stealthy-require: ^1.1.1
    tough-cookie: ^2.3.3
  peerDependencies:
    request: ^2.34
  checksum: 349f5600a7a8f40295377c3d311ce2ba8c909cbc12532f0b4ab92c0af6126117578470ec3892ec7d2f1daf68567ccddbb871bb492bf3e98f0a172299defc822f
  languageName: node
  linkType: hard

"request@npm:^2.88.0":
  version: 2.88.0
  resolution: "request@npm:2.88.0"
  dependencies:
    aws-sign2: ~0.7.0
    aws4: ^1.8.0
    caseless: ~0.12.0
    combined-stream: ~1.0.6
    extend: ~3.0.2
    forever-agent: ~0.6.1
    form-data: ~2.3.2
    har-validator: ~5.1.0
    http-signature: ~1.2.0
    is-typedarray: ~1.0.0
    isstream: ~0.1.2
    json-stringify-safe: ~5.0.1
    mime-types: ~2.1.19
    oauth-sign: ~0.9.0
    performance-now: ^2.1.0
    qs: ~6.5.2
    safe-buffer: ^5.1.2
    tough-cookie: ~2.4.3
    tunnel-agent: ^0.6.0
    uuid: ^3.3.2
  checksum: 828fafdf57036d5f22d8829c44157a8c112f149b08709e6fd61f43e4f152ca448dd7713cb15861955c71964085f7595443851fa8c7eebcae749be7c63fff9e45
  languageName: node
  linkType: hard

"require-directory@npm:^2.1.1":
  version: 2.1.1
  resolution: "require-directory@npm:2.1.1"
  checksum: 7af7d1bd006a28164bdc6f774be413700bdbd817c9c96857fe6018f8ae804b8faef040ca77dfba9606d08b5ef1c623516aaa677d43c754a2810a3a83deef9ee7
  languageName: node
  linkType: hard

"require-main-filename@npm:^2.0.0":
  version: 2.0.0
  resolution: "require-main-filename@npm:2.0.0"
  checksum: 6c4488028860b4769145fdb61eaa2a666cd65da1d8bb38bed7eced5a0a6da44f16d3324a0fe17b444cb3832201d0f08186d4e5b7f568b836124287356b19068a
  languageName: node
  linkType: hard

"resolve-from@npm:^3.0.0":
  version: 3.0.0
  resolution: "resolve-from@npm:3.0.0"
  checksum: f6cc584252bcbbad78387e5453896552b141d134700706ff0e2a29eec7a23fad5a926bb51349bf9eadc34608d6a6a5d64ededa291058c298975b79ce621c14d8
  languageName: node
  linkType: hard

resolve@^1.10.0:
  version: 1.11.0
  resolution: "resolve@npm:1.11.0"
  dependencies:
    path-parse: ^1.0.6
  checksum: 344ce93a68a078e362999314c31b875fb91783e1599e3ae4470b4dbceeadf4aa4fa8d983a220d8a8531a0ad89be1788d589815efa265266b0412f92428a173eb
  languageName: node
  linkType: hard

"resolve@patch:resolve@^1.10.0#builtin<compat/resolve>":
  version: 1.11.0
  resolution: "resolve@patch:resolve@npm%3A1.11.0#builtin<compat/resolve>::version=1.11.0&hash=8fccd0"
  dependencies:
    path-parse: ^1.0.6
  checksum: ac691f2229c1ca3824f926eb9d8236f33d4caffff3c778a922236ce012b85bab3b21b2de67c78ede58e70953b3667322dabcac3dae365ebd1f2e97e108a83def
  languageName: node
  linkType: hard

"run-node@npm:^1.0.0":
  version: 1.0.0
  resolution: "run-node@npm:1.0.0"
  bin:
    run-node: run-node
  checksum: eedb6e1adff44616f622773f8d327af21e13a7074b7b80151f0b222c74209a0731bf605abb1662256cc504bec20cc39fe3b01dfb276e100fad1fefd090445a94
  languageName: node
  linkType: hard

"safe-buffer@npm:^5.0.1, safe-buffer@npm:^5.1.2":
  version: 5.1.2
  resolution: "safe-buffer@npm:5.1.2"
  checksum: 55f6e9116b875a5459a13fd1949d90ed6932f1c6fef70460896abcdf666852cb2119a12435ebbe823416ec49bc3fa5716ff2cc0dd36b9512631148e5113c145e
  languageName: node
  linkType: hard

"safer-buffer@npm:^2.0.2, safer-buffer@npm:^2.1.0, safer-buffer@npm:~2.1.0":
  version: 2.1.2
  resolution: "safer-buffer@npm:2.1.2"
  checksum: cfd3f4d7dc37db071c3b36c8e4315e3912e70f1a44c87936cafb6b3b15af362893ca02da703398fbbc299c1599fa49fca9ddda41ffd347adda417f988848dcf2
  languageName: node
  linkType: hard

"semver-compare@npm:^1.0.0":
  version: 1.0.0
  resolution: "semver-compare@npm:1.0.0"
  checksum: 4a104329613bc3831c1163258755150221a7d5d5e3115537c3f41c7f0611b7768b39516f3df1871dc5d61ef4f0330386b378e7fe017ff2251697621b0c7b956d
  languageName: node
  linkType: hard

"semver@npm:2 || 3 || 4 || 5, semver@npm:^5.5.0":
  version: 5.7.0
  resolution: "semver@npm:5.7.0"
  bin:
    semver: ./bin/semver
  checksum: 3688eec7858d77a44d3fdb31bf9b991aef2a2a7be1b299d81eb03b0a670fe7fa0f0dcbfa136abf24b952b2287864656680d8213230e275ea785dea2b9504d673
  languageName: node
  linkType: hard

"set-blocking@npm:^2.0.0":
  version: 2.0.0
  resolution: "set-blocking@npm:2.0.0"
  checksum: f8215d87051e3ace26fef38cefcaed923a20de15bda373ddcc6d1e8cc9f32d27aade1824847e2a4188261005f20fba05485b76f6e1b39d9d099ad1a50e677181
  languageName: node
  linkType: hard

"shebang-command@npm:^1.2.0":
  version: 1.2.0
  resolution: "shebang-command@npm:1.2.0"
  dependencies:
    shebang-regex: ^1.0.0
  checksum: 3d830f3ad0c796f671ad3a8a0ed9ac75a52b21a2f0cfc1e0675fb4d0530e332b10a3b0171f63ef6a2efa14dd7f92a3d03c49927afc9b3529830628671fade78a
  languageName: node
  linkType: hard

"shebang-regex@npm:^1.0.0":
  version: 1.0.0
  resolution: "shebang-regex@npm:1.0.0"
  checksum: fba9381f369e3e5e30e4e1353164243575a82f9b4b0010fc43dab33e7341d86032f9fdc6aa2d122f0737fce69a3c6544c295d9787aa4d522bc24ac1fcaac69d6
  languageName: node
  linkType: hard

"signal-exit@npm:^3.0.0":
  version: 3.0.2
  resolution: "signal-exit@npm:3.0.2"
  checksum: b3d9a5567188a680bdb67fb996c2ffe49dfb1db5295d4e55e34ce77ca8e7a9f3f81672b71279fed5dcb2057afd133a5a7d5bd4de4652a8714c668460900f183c
  languageName: node
  linkType: hard

"simple-git@npm:^1.110.0":
  version: 1.110.0
  resolution: "simple-git@npm:1.110.0"
  dependencies:
    debug: ^4.0.1
  checksum: 486662dea95aaf3db3d6e0b763cb85c4c2679bb1eb93179d1000573d43f19dea2953f2c354122ca6b21446203b01b0a2be40f7a52d5ffd0c95b7d7faf7fad695
  languageName: node
  linkType: hard

"slash@npm:^3.0.0":
  version: 3.0.0
  resolution: "slash@npm:3.0.0"
  checksum: ce51757f17a5527c418ba0357ec96806a587383b48120abec4983aea914f7eed82693ea4dcf7d740bf9edc8b2d45ea46c32af2bf18ef0d7f56bc772febab6ba6
  languageName: node
  linkType: hard

"spdx-correct@npm:^3.0.0":
  version: 3.1.0
  resolution: "spdx-correct@npm:3.1.0"
  dependencies:
    spdx-expression-parse: ^3.0.0
    spdx-license-ids: ^3.0.0
  checksum: 35b1b41bdced9d1d4dc29109879f16c42d96a70da96cd727622ee0e92ebed86ddc4b1a57ecbb6c094a45b21098cb130fb6d17bfe1bbf92584ab669130be7d91b
  languageName: node
  linkType: hard

"spdx-exceptions@npm:^2.1.0":
  version: 2.2.0
  resolution: "spdx-exceptions@npm:2.2.0"
  checksum: c681ac388e5d7d5e1b5ecc18d4524e2ee81fdf4302091d324aafa907ac458db4b873645681feb9fb645e527a405d41433733636e479e551f15db109c7da1ce85
  languageName: node
  linkType: hard

"spdx-expression-parse@npm:^3.0.0":
  version: 3.0.0
  resolution: "spdx-expression-parse@npm:3.0.0"
  dependencies:
    spdx-exceptions: ^2.1.0
    spdx-license-ids: ^3.0.0
  checksum: 9ab573388b389d24d66c3488a0cd59332e44c40cf479ffc0fa78817902ee2b4020e12248ad6190f79737f9b8aaa2907d35755b35e488ae8fc52f1a31df0bba55
  languageName: node
  linkType: hard

"spdx-license-ids@npm:^3.0.0":
  version: 3.0.4
  resolution: "spdx-license-ids@npm:3.0.4"
  checksum: dd27b8453c3e39f8a506c959c62503be81900bb21c7bb4ed3fe1b5159405908e10a9f8ed17e0be17eec9e70be95c4703275e4c00bbf5931026ce1eb0afd7b461
  languageName: node
  linkType: hard

"sprintf-js@npm:~1.0.2":
  version: 1.0.3
  resolution: "sprintf-js@npm:1.0.3"
  checksum: 17cbfc6bf2a82ae6548e3b0b4d3d65b09961cde328feb978b823b22da8a9243477ef3ffe96b64e56d3b333d49aaad0feb55580e27c78a40bc092caf139ff048e
  languageName: node
  linkType: hard

"sshpk@npm:^1.7.0":
  version: 1.16.1
  resolution: "sshpk@npm:1.16.1"
  dependencies:
    asn1: ~0.2.3
    assert-plus: ^1.0.0
    bcrypt-pbkdf: ^1.0.0
    dashdash: ^1.12.0
    ecc-jsbn: ~0.1.1
    getpass: ^0.1.1
    jsbn: ~0.1.0
    safer-buffer: ^2.0.2
    tweetnacl: ~0.14.0
  bin:
    sshpk-conv: bin/sshpk-conv
    sshpk-sign: bin/sshpk-sign
    sshpk-verify: bin/sshpk-verify
  checksum: fa6553d407039dd527e65ec6dbd783eee7ac946db774d738830d996709b655e5b3072def8c81fd6f454293f88607039aba7fc2a149b93a2d4526ab8671c8885c
  languageName: node
  linkType: hard

"stealthy-require@npm:^1.1.1":
  version: 1.1.1
  resolution: "stealthy-require@npm:1.1.1"
  checksum: ac27495d1a1d6018109606146a83203471ef1ebadac2c4cd3ea6fd5468596f0a0ba2d5cfcb2d5ffb3a77f8e80379a6ecfd496fbf5a224e9ab88fd675eecf4941
  languageName: node
  linkType: hard

"string-width@npm:^1.0.1":
  version: 1.0.2
  resolution: "string-width@npm:1.0.2"
  dependencies:
    code-point-at: ^1.0.0
    is-fullwidth-code-point: ^1.0.0
    strip-ansi: ^3.0.0
  checksum: 8acab10b985f1a207f8a6b4689502ea3c9c96e2908774d662169aa8c4bd831f77bf41176fbb86d3d0df5dc997106774e37550e8da878ce6fd8445102afec88bf
  languageName: node
  linkType: hard

"string-width@npm:^2.1.1":
  version: 2.1.1
  resolution: "string-width@npm:2.1.1"
  dependencies:
    is-fullwidth-code-point: ^2.0.0
    strip-ansi: ^4.0.0
  checksum: 0c8d175d8414245688a2ea59bdd600760c7efdaf99571708ce9171a82d3da8bfd2056fb4cd1aca40e6d9854945270a501fedff59fcd1aabaef2eefcdfea1d9ce
  languageName: node
  linkType: hard

"string-width@npm:^3.0.0":
  version: 3.1.0
  resolution: "string-width@npm:3.1.0"
  dependencies:
    emoji-regex: ^7.0.1
    is-fullwidth-code-point: ^2.0.0
    strip-ansi: ^5.1.0
  checksum: c280f89bae289bd686f095e71c9ecbc97eef2dfacc973c7ed3ce094f51ff44db38cbb0794435e5cfab09c5a395cb21c9422d0c9ce7f07ad12ed61d886f325b02
  languageName: node
  linkType: hard

"strip-ansi@npm:^3.0.0, strip-ansi@npm:^3.0.1":
  version: 3.0.1
  resolution: "strip-ansi@npm:3.0.1"
  dependencies:
    ansi-regex: ^2.0.0
  checksum: 2919e07ae8a9634c111913cc20c6c619109c754108b8d8777ecc92ff999ca1adc84b32a51efd6e6a19168de38b06359d3b31fd1906d905731f3065cc2f9de5d7
  languageName: node
  linkType: hard

"strip-ansi@npm:^4.0.0":
  version: 4.0.0
  resolution: "strip-ansi@npm:4.0.0"
  dependencies:
    ansi-regex: ^3.0.0
  checksum: 65d6d40d63adccbf03deeb2919a303ea571933ce3dc463087745da3f5a7c14caa30a2776c3ea2b941c220abf7d4acd8e9922fd4335d5988508ddadbf1aa9d94a
  languageName: node
  linkType: hard

"strip-ansi@npm:^5.1.0":
  version: 5.2.0
  resolution: "strip-ansi@npm:5.2.0"
  dependencies:
    ansi-regex: ^4.1.0
  checksum: 3c00f49debb52a94a878e3d585a3f166d76f27fb415e3bcc1d5257f4694dc418ddec4b15f9fb4122cce095f836d1d7b23e3dc4b5b4fa0a4a2d9a34f370fbf4f7
  languageName: node
  linkType: hard

"strip-eof@npm:^1.0.0":
  version: 1.0.0
  resolution: "strip-eof@npm:1.0.0"
  checksum: 20a828d78417a6a92db24ed630967d57c1d323d4da159a79bbdf66032374367729f70ee7076094a29723d33e41a2df8617f1e2083ab85f588a9fdf1786e91b11
  languageName: node
  linkType: hard

"tough-cookie@npm:^2.3.3":
  version: 2.5.0
  resolution: "tough-cookie@npm:2.5.0"
  dependencies:
    psl: ^1.1.28
    punycode: ^2.1.1
  checksum: a0e7092d1818d4ab1ba1caddbabe7037dbaf180ef67d811c940bb550bc3b988472e2b2e3368f9ede80d12a369044f05afe03053ecb0f54df7870c4744cd6b065
  languageName: node
  linkType: hard

"tough-cookie@npm:~2.4.3":
  version: 2.4.3
  resolution: "tough-cookie@npm:2.4.3"
  dependencies:
    psl: ^1.1.24
    punycode: ^1.4.1
  checksum: 4fb852840d622e9e8bb789aa8da960cc03997fd18262b41e038e02bd00ef3a8d190ffae426412d5fef6990af5d42501b8d4adb2a9c8e1100251e1bf5f5166017
  languageName: node
  linkType: hard

"tunnel-agent@npm:^0.6.0":
  version: 0.6.0
  resolution: "tunnel-agent@npm:0.6.0"
  dependencies:
    safe-buffer: ^5.0.1
  checksum: 42dde635e062df310cb74826836711913c410ab0141299ac9c06f311fc1d00624f0fbac442695fef06a800e0c7a498cb5532b2ad3ab6357baac47904896e1dde
  languageName: node
  linkType: hard

"tweetnacl@npm:^0.14.3, tweetnacl@npm:~0.14.0":
  version: 0.14.5
  resolution: "tweetnacl@npm:0.14.5"
  checksum: 8494c8d72852a438fc945a5b290af9e0aaa2f98491ee77022ae14845e403462e63e56379ba3ca917106a54b4007855586b174ad34d0c0ef740998e72e3ecdd60
  languageName: node
  linkType: hard

"type-fest@npm:^0.4.1":
  version: 0.4.1
  resolution: "type-fest@npm:0.4.1"
  checksum: 26255eeaf0f6d4e49368c3b9ea31f6201a44081de25592128daff375438d9e005ce9db58b47fd5d1aca445d822ee9a0f5c95dde186a03c380d9df27695835a92
  languageName: node
  linkType: hard

"uri-js@npm:^4.2.2":
  version: 4.2.2
  resolution: "uri-js@npm:4.2.2"
  dependencies:
    punycode: ^2.1.0
  checksum: a81e6af3f3e978391eadbc0425c786867f5ea519234ceece60aeda7d614fb3f025ff195f97a0900b8deb129996296b30b39993b4edce0d85c119833254f8836f
  languageName: node
  linkType: hard

"uuid@npm:^3.3.2":
  version: 3.3.2
  resolution: "uuid@npm:3.3.2"
  bin:
    uuid: ./bin/uuid
  checksum: 7724f2bf26901159efe1d807867fa8d1218aad4fee265450924c63f6f7b20d227623dd7e20e47494fad53945c4c7ed7c62385642d9072b8127abc7fc3ad0a7e5
  languageName: node
  linkType: hard

"validate-npm-package-license@npm:^3.0.1":
  version: 3.0.4
  resolution: "validate-npm-package-license@npm:3.0.4"
  dependencies:
    spdx-correct: ^3.0.0
    spdx-expression-parse: ^3.0.0
  checksum: 4c0974ce2c60838ec5e0c1c338c4c691b5d2baae1ed7e137784f1686a1387c0fc66c6f03bf339742a9047626cb6b5fe529a06b7b7dd04275458036b06b6a844e
  languageName: node
  linkType: hard

"verror@npm:1.10.0":
  version: 1.10.0
  resolution: "verror@npm:1.10.0"
  dependencies:
    assert-plus: ^1.0.0
    core-util-is: 1.0.2
    extsprintf: ^1.2.0
  checksum: e1632bbbd6b056ac26037da4ebe46ad9934625ad2945823ca7d83027cd9229da47a57347c1933961efd32a8f1ee0e8f099cf4658f1b83b85d3fabe8c813d7a96
  languageName: node
  linkType: hard

"which-module@npm:^2.0.0":
  version: 2.0.0
  resolution: "which-module@npm:2.0.0"
  checksum: 1f90d98b64a16da8cc614ae7373df97973ded10ae3b0ef3fe6e9a836f6a46dad77d99b6148791fd4191d45a42a7481fc952414650a896494d2d04448e568e905
  languageName: node
  linkType: hard

"which@npm:^1.2.9":
  version: 1.3.1
  resolution: "which@npm:1.3.1"
  dependencies:
    isexe: ^2.0.0
  bin:
    which: ./bin/which
  checksum: 8c639095289e694cbce93f17662e56f740ceafb8d73cdccf0d2b2968df0e8b9c8ddf16f44711d1d5a5efe4d2091cb3ca06d1afa2db359df48588a71a4b60d0c6
  languageName: node
  linkType: hard

"wrap-ansi@npm:^2.0.0":
  version: 2.1.0
  resolution: "wrap-ansi@npm:2.1.0"
  dependencies:
    string-width: ^1.0.1
    strip-ansi: ^3.0.1
  checksum: 6e02589addbf9e0797b94d5ef79810e0aeba8e42162db3986fb3eaf94360ede6637a72a8906b886863d877294097f9206acb40b95a1e21c274d7fee41d4c89df
  languageName: node
  linkType: hard

"wrappy@npm:1":
  version: 1.0.2
  resolution: "wrappy@npm:1.0.2"
  checksum: 0796da084f06bced2351fed9686a7211f4a4b774a7a3b64c7ead1b3bef162b1721f2a1d3fb1268bf2e848c9d743eca189c2a243159a1512d5dfab4b0d4dd60b5
  languageName: node
  linkType: hard

"y18n@npm:^4.0.0":
  version: 4.0.0
  resolution: "y18n@npm:4.0.0"
  checksum: f3fcafde11e668d66a061d4cdb49243a2cac83012193666941728d6e8002e2022c22c3ac318123b2ff84d8c99ff4c0b0764e2ac6dfd8c8df3488305724387f78
  languageName: node
  linkType: hard

"yargs-parser@npm:^13.0.0":
  version: 13.0.0
  resolution: "yargs-parser@npm:13.0.0"
  dependencies:
    camelcase: ^5.0.0
    decamelize: ^1.2.0
  checksum: d7a5572b82cb2f6b8c5ac11d35fc4b191e8adb250786c745780f986832615379ccf69aa810863e09092b78ec57b681aa1b7d54e56baf693965b8d0a8b840114d
  languageName: node
  linkType: hard

"yargs@npm:^13.2.2":
  version: 13.2.2
  resolution: "yargs@npm:13.2.2"
  dependencies:
    cliui: ^4.0.0
    find-up: ^3.0.0
    get-caller-file: ^2.0.1
    os-locale: ^3.1.0
    require-directory: ^2.1.1
    require-main-filename: ^2.0.0
    set-blocking: ^2.0.0
    string-width: ^3.0.0
    which-module: ^2.0.0
    y18n: ^4.0.0
    yargs-parser: ^13.0.0
  checksum: ea65d59a67e93fc0ae5083658ce72825e299e60b27eb1aac96b149659ba430fc2cbf0a2f8f94944fc1af4f93c7e3870295289bf6b40ea47f2682af710dea298b
  languageName: node
  linkType: hard
